
Microsoft Visual Studio Solution File, Format Version 12.00
# Visual Studio Version 16
VisualStudioVersion = 16.0.30225.117
MinimumVisualStudioVersion = 10.0.40219.1
Project("{FAE04EC0-301F-11D3-BF4B-00C04F79EFBC}") = "ConsoleApp186", "ConsoleApp186\ConsoleApp186.csproj", "{6CD60A16-B4ED-4591-9FD9-EBFD33C2790B}"
EndProject
Global
	GlobalSection(SolutionConfigurationPlatforms) = preSolution
		Debug|Any CPU = Debug|Any CPU
		Release|Any CPU = Release|Any CPU
	EndGlobalSection
	GlobalSection(ProjectConfigurationPlatforms) = postSolution
		{6CD60A16-B4ED-4591-9FD9-EBFD33C2790B}.Debug|Any CPU.ActiveCfg = Debug|Any CPU
		{6CD60A16-B4ED-4591-9FD9-EBFD33C2790B}.Debug|Any CPU.Build.0 = Debug|Any CPU
		{6CD60A16-B4ED-4591-9FD9-EBFD33C2790B}.Release|Any CPU.ActiveCfg = Release|Any CPU
		{6CD60A16-B4ED-4591-9FD9-EBFD33C2790B}.Release|Any CPU.Build.0 = Release|Any CPU
	EndGlobalSection
	GlobalSection(SolutionProperties) = preSolution
		HideSolutionNode = FALSE
	EndGlobalSection
	GlobalSection(ExtensibilityGlobals) = postSolution
		SolutionGuid = {D7EED1FD-091A-4751-8BAE-1C4E891A4256}
	EndGlobalSection
EndGlobal
